// !$*UTF8*$!
{
	archiveVersion = 1;
	classes = {
	};
	objectVersion = 48;
	objects = {

/* Begin PBXBuildFile section */
		032DA26C1F879F3700E73F2F /* CoreDataManager.m in Sources */ = {isa = PBXBuildFile; fileRef = 032DA26B1F879F3700E73F2F /* CoreDataManager.m */; };
		032DA26E1F87CE4B00E73F2F /* Security.framework in Frameworks */ = {isa = PBXBuildFile; fileRef = 032DA26D1F87CE4B00E73F2F /* Security.framework */; };
		03E353201F87876E005539A2 /* LoginViewController.m in Sources */ = {isa = PBXBuildFile; fileRef = 03E3531E1F87876E005539A2 /* LoginViewController.m */; };
		03E353211F87876E005539A2 /* LoginViewController.xib in Resources */ = {isa = PBXBuildFile; fileRef = 03E3531F1F87876E005539A2 /* LoginViewController.xib */; };
		03E3532B1F878C59005539A2 /* RegisterViewController.m in Sources */ = {isa = PBXBuildFile; fileRef = 03E353291F878C59005539A2 /* RegisterViewController.m */; };
		03E3532C1F878C59005539A2 /* RegisterViewController.xib in Resources */ = {isa = PBXBuildFile; fileRef = 03E3532A1F878C59005539A2 /* RegisterViewController.xib */; };
		03EB2FBE1F867F5F00FE539D /* AVFoundation.framework in Frameworks */ = {isa = PBXBuildFile; fileRef = 03EB2FBD1F867F5F00FE539D /* AVFoundation.framework */; };
		03EF6F001F87E37D00128917 /* ProfileViewController.m in Sources */ = {isa = PBXBuildFile; fileRef = 03EF6EFE1F87E37D00128917 /* ProfileViewController.m */; };
		03EF6F011F87E37D00128917 /* ProfileViewController.xib in Resources */ = {isa = PBXBuildFile; fileRef = 03EF6EFF1F87E37D00128917 /* ProfileViewController.xib */; };
		6E97294A67476CAA41A3AB38 /* libPods-FinalProjectUITests.a in Frameworks */ = {isa = PBXBuildFile; fileRef = 5AB5D7839A9B04E3CD7CCFA7 /* libPods-FinalProjectUITests.a */; };
		7005C9C61F89004F00AD0659 /* RNCryptor.m in Sources */ = {isa = PBXBuildFile; fileRef = 70C4397F1F88F8EF0054288D /* RNCryptor.m */; };
		7005C9C71F89005300AD0659 /* RNCryptorEngine.m in Sources */ = {isa = PBXBuildFile; fileRef = 70C439841F88F8EF0054288D /* RNCryptorEngine.m */; };
		7005C9C81F89005700AD0659 /* RNDecryptor.m in Sources */ = {isa = PBXBuildFile; fileRef = 70C4397C1F88F8EE0054288D /* RNDecryptor.m */; };
		7005C9C91F89005A00AD0659 /* RNEncryptor.m in Sources */ = {isa = PBXBuildFile; fileRef = 70C4397E1F88F8EE0054288D /* RNEncryptor.m */; };
		706AD0011F83F73E001F83A5 /* AppDelegate.m in Sources */ = {isa = PBXBuildFile; fileRef = 706AD0001F83F73E001F83A5 /* AppDelegate.m */; };
		706AD00A1F83F73F001F83A5 /* FinalProject.xcdatamodeld in Sources */ = {isa = PBXBuildFile; fileRef = 706AD0081F83F73F001F83A5 /* FinalProject.xcdatamodeld */; };
		706AD00C1F83F73F001F83A5 /* Assets.xcassets in Resources */ = {isa = PBXBuildFile; fileRef = 706AD00B1F83F73F001F83A5 /* Assets.xcassets */; };
		706AD00F1F83F73F001F83A5 /* LaunchScreen.storyboard in Resources */ = {isa = PBXBuildFile; fileRef = 706AD00D1F83F73F001F83A5 /* LaunchScreen.storyboard */; };
		706AD0121F83F73F001F83A5 /* main.m in Sources */ = {isa = PBXBuildFile; fileRef = 706AD0111F83F73F001F83A5 /* main.m */; };
		706AD01C1F83F73F001F83A5 /* FinalProjectTests.m in Sources */ = {isa = PBXBuildFile; fileRef = 706AD01B1F83F73F001F83A5 /* FinalProjectTests.m */; };
		706AD0271F83F73F001F83A5 /* FinalProjectUITests.m in Sources */ = {isa = PBXBuildFile; fileRef = 706AD0261F83F73F001F83A5 /* FinalProjectUITests.m */; };
		706AD03D1F83F831001F83A5 /* EventsViewController.m in Sources */ = {isa = PBXBuildFile; fileRef = 706AD03B1F83F831001F83A5 /* EventsViewController.m */; };
		706AD03E1F83F831001F83A5 /* EventsViewController.xib in Resources */ = {isa = PBXBuildFile; fileRef = 706AD03C1F83F831001F83A5 /* EventsViewController.xib */; };
		706AD0411F840159001F83A5 /* ImageCaching.m in Sources */ = {isa = PBXBuildFile; fileRef = 706AD0401F840159001F83A5 /* ImageCaching.m */; };
		706AD0521F841421001F83A5 /* MediaController.xib in Resources */ = {isa = PBXBuildFile; fileRef = 706AD0501F841421001F83A5 /* MediaController.xib */; };
		70841B9B1F842DE700238258 /* EventsCell.m in Sources */ = {isa = PBXBuildFile; fileRef = 70841B991F842DE700238258 /* EventsCell.m */; };
		70841B9C1F842DE700238258 /* EventsCell.xib in Resources */ = {isa = PBXBuildFile; fileRef = 70841B9A1F842DE700238258 /* EventsCell.xib */; };
		70841BA11F84E27700238258 /* Social.framework in Frameworks */ = {isa = PBXBuildFile; fileRef = 70841BA01F84E27700238258 /* Social.framework */; };
		70C4397A1F88ED5E0054288D /* MobileCoreServices.framework in Frameworks */ = {isa = PBXBuildFile; fileRef = 70C439791F88ED5E0054288D /* MobileCoreServices.framework */; };
		89294999A5724D8DE4D8AAD1 /* libPods-FinalProject.a in Frameworks */ = {isa = PBXBuildFile; fileRef = 2DA8909A549B79CE25114846 /* libPods-FinalProject.a */; };
		BA18143E1F91131100D84F00 /* EventKit.framework in Frameworks */ = {isa = PBXBuildFile; fileRef = BA18143C1F91131000D84F00 /* EventKit.framework */; };
		BA18143F1F91131100D84F00 /* EventKitUI.framework in Frameworks */ = {isa = PBXBuildFile; fileRef = BA18143D1F91131000D84F00 /* EventKitUI.framework */; };
		BA1814451F924E5E00D84F00 /* AVKit.framework in Frameworks */ = {isa = PBXBuildFile; fileRef = BA1814441F924E5E00D84F00 /* AVKit.framework */; };
		BA1814501F93C6B100D84F00 /* UIFont+SystemFontOverride.m in Sources */ = {isa = PBXBuildFile; fileRef = BA18144F1F93C6B100D84F00 /* UIFont+SystemFontOverride.m */; };
		BA1814551F94F34D00D84F00 /* FriendProfileViewController.m in Sources */ = {isa = PBXBuildFile; fileRef = BA1814531F94F34800D84F00 /* FriendProfileViewController.m */; };
		BA1814561F94F34D00D84F00 /* FriendProfileViewController.xib in Resources */ = {isa = PBXBuildFile; fileRef = BA1814541F94F34800D84F00 /* FriendProfileViewController.xib */; };
		BA18145B1F951FE900D84F00 /* EventsUnderConsiderationController.m in Sources */ = {isa = PBXBuildFile; fileRef = BA1814591F951FE800D84F00 /* EventsUnderConsiderationController.m */; };
		BA18145C1F951FE900D84F00 /* EventsUnderConsiderationController.xib in Resources */ = {isa = PBXBuildFile; fileRef = BA18145A1F951FE800D84F00 /* EventsUnderConsiderationController.xib */; };
		BA1814601F952CD800D84F00 /* CustomCell.m in Sources */ = {isa = PBXBuildFile; fileRef = BA18145E1F952CD700D84F00 /* CustomCell.m */; };
		BA1814611F952CD800D84F00 /* CustomCell.xib in Resources */ = {isa = PBXBuildFile; fileRef = BA18145F1F952CD800D84F00 /* CustomCell.xib */; };
		BA24F41F1F90BC3A00990D4E /* AVCamPhotoCaptureDelegate.m in Sources */ = {isa = PBXBuildFile; fileRef = 03E353181F86AF0F005539A2 /* AVCamPhotoCaptureDelegate.m */; };
		BA24F4201F90BC4100990D4E /* cameraView.m in Sources */ = {isa = PBXBuildFile; fileRef = 03EB2FC11F86934A00FE539D /* cameraView.m */; };
		BA24F4211F90BC4500990D4E /* MediaController.m in Sources */ = {isa = PBXBuildFile; fileRef = 706AD04F1F841421001F83A5 /* MediaController.m */; };
		BABD9CBA1F8CE708009A97DA /* FirebaseAnalytics.framework in Frameworks */ = {isa = PBXBuildFile; fileRef = BABD9CB91F8CE708009A97DA /* FirebaseAnalytics.framework */; };
		BABD9CBC1F8CE746009A97DA /* FirebaseCore.framework in Frameworks */ = {isa = PBXBuildFile; fileRef = BABD9CBB1F8CE746009A97DA /* FirebaseCore.framework */; };
		BABD9CBE1F8CE770009A97DA /* FirebaseDatabase.framework in Frameworks */ = {isa = PBXBuildFile; fileRef = BABD9CBD1F8CE770009A97DA /* FirebaseDatabase.framework */; };
		BABD9CC01F8CE77C009A97DA /* FirebaseInstanceID.framework in Frameworks */ = {isa = PBXBuildFile; fileRef = BABD9CBF1F8CE77C009A97DA /* FirebaseInstanceID.framework */; };
		BABD9CC21F8CE789009A97DA /* FirebaseStorage.framework in Frameworks */ = {isa = PBXBuildFile; fileRef = BABD9CC11F8CE789009A97DA /* FirebaseStorage.framework */; };
		BABD9CC31F8CEBC7009A97DA /* GoogleService-Info.plist in Resources */ = {isa = PBXBuildFile; fileRef = BAC02E4D1F8CC6EE006E9CB5 /* GoogleService-Info.plist */; };
		BABD9CD11F8E5512009A97DA /* usersAndChatViewController.m in Sources */ = {isa = PBXBuildFile; fileRef = BABD9CCF1F8E5512009A97DA /* usersAndChatViewController.m */; };
		BABD9CD21F8E5512009A97DA /* usersAndChatViewController.xib in Resources */ = {isa = PBXBuildFile; fileRef = BABD9CD01F8E5512009A97DA /* usersAndChatViewController.xib */; };
		BABD9CD61F8EC45C009A97DA /* mapViewController.m in Sources */ = {isa = PBXBuildFile; fileRef = BABD9CD41F8EC45C009A97DA /* mapViewController.m */; };
		BABD9CD71F8EC45C009A97DA /* mapViewController.xib in Resources */ = {isa = PBXBuildFile; fileRef = BABD9CD51F8EC45C009A97DA /* mapViewController.xib */; };
		BABD9CD91F8EC499009A97DA /* CoreLocation.framework in Frameworks */ = {isa = PBXBuildFile; fileRef = BABD9CD81F8EC499009A97DA /* CoreLocation.framework */; };
		BABD9CDB1F8EC4AF009A97DA /* MapKit.framework in Frameworks */ = {isa = PBXBuildFile; fileRef = BABD9CDA1F8EC4AF009A97DA /* MapKit.framework */; };
		BABD9CE41F8FCB9F009A97DA /* eventDetailController.m in Sources */ = {isa = PBXBuildFile; fileRef = BABD9CE21F8FCB9F009A97DA /* eventDetailController.m */; };
		BABD9CE51F8FCB9F009A97DA /* eventDetailController.xib in Resources */ = {isa = PBXBuildFile; fileRef = BABD9CE31F8FCB9F009A97DA /* eventDetailController.xib */; };
		BAC02E491F8BB0F5006E9CB5 /* ChatView.m in Sources */ = {isa = PBXBuildFile; fileRef = BAC02E471F8BB0F5006E9CB5 /* ChatView.m */; };
		BAC02E4A1F8BB0F5006E9CB5 /* ChatView.xib in Resources */ = {isa = PBXBuildFile; fileRef = BAC02E481F8BB0F5006E9CB5 /* ChatView.xib */; };
		EB4018BEAF17CBDAE3DB3275 /* libPods-FinalProjectTests.a in Frameworks */ = {isa = PBXBuildFile; fileRef = D3E44ABDF55BBA001129911A /* libPods-FinalProjectTests.a */; };
/* End PBXBuildFile section */

/* Begin PBXContainerItemProxy section */
		706AD0181F83F73F001F83A5 /* PBXContainerItemProxy */ = {
			isa = PBXContainerItemProxy;
			containerPortal = 706ACFF41F83F73E001F83A5 /* Project object */;
			proxyType = 1;
			remoteGlobalIDString = 706ACFFB1F83F73E001F83A5;
			remoteInfo = FinalProject;
		};
		706AD0231F83F73F001F83A5 /* PBXContainerItemProxy */ = {
			isa = PBXContainerItemProxy;
			containerPortal = 706ACFF41F83F73E001F83A5 /* Project object */;
			proxyType = 1;
			remoteGlobalIDString = 706ACFFB1F83F73E001F83A5;
			remoteInfo = FinalProject;
		};
/* End PBXContainerItemProxy section */

/* Begin PBXFileReference section */
		032DA26A1F879F3700E73F2F /* CoreDataManager.h */ = {isa = PBXFileReference; lastKnownFileType = sourcecode.c.h; path = CoreDataManager.h; sourceTree = "<group>"; };
		032DA26B1F879F3700E73F2F /* CoreDataManager.m */ = {isa = PBXFileReference; lastKnownFileType = sourcecode.c.objc; path = CoreDataManager.m; sourceTree = "<group>"; };
		032DA26D1F87CE4B00E73F2F /* Security.framework */ = {isa = PBXFileReference; lastKnownFileType = wrapper.framework; name = Security.framework; path = System/Library/Frameworks/Security.framework; sourceTree = SDKROOT; };
		03E353171F86AF0F005539A2 /* AVCamPhotoCaptureDelegate.h */ = {isa = PBXFileReference; lastKnownFileType = sourcecode.c.h; path = AVCamPhotoCaptureDelegate.h; sourceTree = "<group>"; };
		03E353181F86AF0F005539A2 /* AVCamPhotoCaptureDelegate.m */ = {isa = PBXFileReference; lastKnownFileType = sourcecode.c.objc; path = AVCamPhotoCaptureDelegate.m; sourceTree = "<group>"; };
		03E3531D1F87876E005539A2 /* LoginViewController.h */ = {isa = PBXFileReference; lastKnownFileType = sourcecode.c.h; path = LoginViewController.h; sourceTree = "<group>"; };
		03E3531E1F87876E005539A2 /* LoginViewController.m */ = {isa = PBXFileReference; lastKnownFileType = sourcecode.c.objc; path = LoginViewController.m; sourceTree = "<group>"; };
		03E3531F1F87876E005539A2 /* LoginViewController.xib */ = {isa = PBXFileReference; lastKnownFileType = file.xib; path = LoginViewController.xib; sourceTree = "<group>"; };
		03E353281F878C59005539A2 /* RegisterViewController.h */ = {isa = PBXFileReference; lastKnownFileType = sourcecode.c.h; path = RegisterViewController.h; sourceTree = "<group>"; };
		03E353291F878C59005539A2 /* RegisterViewController.m */ = {isa = PBXFileReference; lastKnownFileType = sourcecode.c.objc; path = RegisterViewController.m; sourceTree = "<group>"; };
		03E3532A1F878C59005539A2 /* RegisterViewController.xib */ = {isa = PBXFileReference; lastKnownFileType = file.xib; path = RegisterViewController.xib; sourceTree = "<group>"; };
		03EB2FB41F8648F200FE539D /* icons8-Camera-100.png */ = {isa = PBXFileReference; lastKnownFileType = image.png; path = "icons8-Camera-100.png"; sourceTree = "<group>"; };
		03EB2FBD1F867F5F00FE539D /* AVFoundation.framework */ = {isa = PBXFileReference; lastKnownFileType = wrapper.framework; name = AVFoundation.framework; path = System/Library/Frameworks/AVFoundation.framework; sourceTree = SDKROOT; };
		03EB2FC01F86934900FE539D /* cameraView.h */ = {isa = PBXFileReference; lastKnownFileType = sourcecode.c.h; path = cameraView.h; sourceTree = "<group>"; };
		03EB2FC11F86934A00FE539D /* cameraView.m */ = {isa = PBXFileReference; lastKnownFileType = sourcecode.c.objc; path = cameraView.m; sourceTree = "<group>"; };
		03EF6EFD1F87E37D00128917 /* ProfileViewController.h */ = {isa = PBXFileReference; lastKnownFileType = sourcecode.c.h; path = ProfileViewController.h; sourceTree = "<group>"; };
		03EF6EFE1F87E37D00128917 /* ProfileViewController.m */ = {isa = PBXFileReference; lastKnownFileType = sourcecode.c.objc; path = ProfileViewController.m; sourceTree = "<group>"; };
		03EF6EFF1F87E37D00128917 /* ProfileViewController.xib */ = {isa = PBXFileReference; lastKnownFileType = file.xib; path = ProfileViewController.xib; sourceTree = "<group>"; };
		03EF6F021F88045400128917 /* person.png */ = {isa = PBXFileReference; lastKnownFileType = image.png; path = person.png; sourceTree = "<group>"; };
		08E0849A7D1B7E8B798C7EE1 /* Pods-FinalProjectUITests.release.xcconfig */ = {isa = PBXFileReference; includeInIndex = 1; lastKnownFileType = text.xcconfig; name = "Pods-FinalProjectUITests.release.xcconfig"; path = "Pods/Target Support Files/Pods-FinalProjectUITests/Pods-FinalProjectUITests.release.xcconfig"; sourceTree = "<group>"; };
		1EB3D9D6F60F718CD5F4C13E /* Pods-FinalProjectUITests.debug.xcconfig */ = {isa = PBXFileReference; includeInIndex = 1; lastKnownFileType = text.xcconfig; name = "Pods-FinalProjectUITests.debug.xcconfig"; path = "Pods/Target Support Files/Pods-FinalProjectUITests/Pods-FinalProjectUITests.debug.xcconfig"; sourceTree = "<group>"; };
		2DA8909A549B79CE25114846 /* libPods-FinalProject.a */ = {isa = PBXFileReference; explicitFileType = archive.ar; includeInIndex = 0; path = "libPods-FinalProject.a"; sourceTree = BUILT_PRODUCTS_DIR; };
		5AB5D7839A9B04E3CD7CCFA7 /* libPods-FinalProjectUITests.a */ = {isa = PBXFileReference; explicitFileType = archive.ar; includeInIndex = 0; path = "libPods-FinalProjectUITests.a"; sourceTree = BUILT_PRODUCTS_DIR; };
		6650EF94E7523E4FCBA1E80C /* Pods-FinalProject.release.xcconfig */ = {isa = PBXFileReference; includeInIndex = 1; lastKnownFileType = text.xcconfig; name = "Pods-FinalProject.release.xcconfig"; path = "Pods/Target Support Files/Pods-FinalProject/Pods-FinalProject.release.xcconfig"; sourceTree = "<group>"; };
		6ABADF84DBB28C427981FB33 /* Pods-FinalProjectTests.release.xcconfig */ = {isa = PBXFileReference; includeInIndex = 1; lastKnownFileType = text.xcconfig; name = "Pods-FinalProjectTests.release.xcconfig"; path = "Pods/Target Support Files/Pods-FinalProjectTests/Pods-FinalProjectTests.release.xcconfig"; sourceTree = "<group>"; };
		706ACFFC1F83F73E001F83A5 /* FinalProject.app */ = {isa = PBXFileReference; explicitFileType = wrapper.application; includeInIndex = 0; path = FinalProject.app; sourceTree = BUILT_PRODUCTS_DIR; };
		706ACFFF1F83F73E001F83A5 /* AppDelegate.h */ = {isa = PBXFileReference; lastKnownFileType = sourcecode.c.h; path = AppDelegate.h; sourceTree = "<group>"; };
		706AD0001F83F73E001F83A5 /* AppDelegate.m */ = {isa = PBXFileReference; lastKnownFileType = sourcecode.c.objc; path = AppDelegate.m; sourceTree = "<group>"; };
		706AD0091F83F73F001F83A5 /* FinalProject.xcdatamodel */ = {isa = PBXFileReference; lastKnownFileType = wrapper.xcdatamodel; path = FinalProject.xcdatamodel; sourceTree = "<group>"; };
		706AD00B1F83F73F001F83A5 /* Assets.xcassets */ = {isa = PBXFileReference; lastKnownFileType = folder.assetcatalog; path = Assets.xcassets; sourceTree = "<group>"; };
		706AD00E1F83F73F001F83A5 /* Base */ = {isa = PBXFileReference; lastKnownFileType = file.storyboard; name = Base; path = Base.lproj/LaunchScreen.storyboard; sourceTree = "<group>"; };
		706AD0101F83F73F001F83A5 /* Info.plist */ = {isa = PBXFileReference; lastKnownFileType = text.plist.xml; path = Info.plist; sourceTree = "<group>"; };
		706AD0111F83F73F001F83A5 /* main.m */ = {isa = PBXFileReference; lastKnownFileType = sourcecode.c.objc; path = main.m; sourceTree = "<group>"; };
		706AD0171F83F73F001F83A5 /* FinalProjectTests.xctest */ = {isa = PBXFileReference; explicitFileType = wrapper.cfbundle; includeInIndex = 0; path = FinalProjectTests.xctest; sourceTree = BUILT_PRODUCTS_DIR; };
		706AD01B1F83F73F001F83A5 /* FinalProjectTests.m */ = {isa = PBXFileReference; lastKnownFileType = sourcecode.c.objc; path = FinalProjectTests.m; sourceTree = "<group>"; };
		706AD01D1F83F73F001F83A5 /* Info.plist */ = {isa = PBXFileReference; lastKnownFileType = text.plist.xml; path = Info.plist; sourceTree = "<group>"; };
		706AD0221F83F73F001F83A5 /* FinalProjectUITests.xctest */ = {isa = PBXFileReference; explicitFileType = wrapper.cfbundle; includeInIndex = 0; path = FinalProjectUITests.xctest; sourceTree = BUILT_PRODUCTS_DIR; };
		706AD0261F83F73F001F83A5 /* FinalProjectUITests.m */ = {isa = PBXFileReference; lastKnownFileType = sourcecode.c.objc; path = FinalProjectUITests.m; sourceTree = "<group>"; };
		706AD0281F83F73F001F83A5 /* Info.plist */ = {isa = PBXFileReference; lastKnownFileType = text.plist.xml; path = Info.plist; sourceTree = "<group>"; };
		706AD03A1F83F831001F83A5 /* EventsViewController.h */ = {isa = PBXFileReference; lastKnownFileType = sourcecode.c.h; path = EventsViewController.h; sourceTree = "<group>"; };
		706AD03B1F83F831001F83A5 /* EventsViewController.m */ = {isa = PBXFileReference; lastKnownFileType = sourcecode.c.objc; path = EventsViewController.m; sourceTree = "<group>"; };
		706AD03C1F83F831001F83A5 /* EventsViewController.xib */ = {isa = PBXFileReference; lastKnownFileType = file.xib; path = EventsViewController.xib; sourceTree = "<group>"; };
		706AD03F1F840159001F83A5 /* ImageCaching.h */ = {isa = PBXFileReference; lastKnownFileType = sourcecode.c.h; path = ImageCaching.h; sourceTree = "<group>"; };
		706AD0401F840159001F83A5 /* ImageCaching.m */ = {isa = PBXFileReference; lastKnownFileType = sourcecode.c.objc; path = ImageCaching.m; sourceTree = "<group>"; };
		706AD0421F840EE5001F83A5 /* status.png */ = {isa = PBXFileReference; lastKnownFileType = image.png; path = status.png; sourceTree = "<group>"; };
		706AD04E1F841421001F83A5 /* MediaController.h */ = {isa = PBXFileReference; lastKnownFileType = sourcecode.c.h; path = MediaController.h; sourceTree = "<group>"; };
		706AD04F1F841421001F83A5 /* MediaController.m */ = {isa = PBXFileReference; lastKnownFileType = sourcecode.c.objc; path = MediaController.m; sourceTree = "<group>"; };
		706AD0501F841421001F83A5 /* MediaController.xib */ = {isa = PBXFileReference; lastKnownFileType = file.xib; path = MediaController.xib; sourceTree = "<group>"; };
		706AD0531F841558001F83A5 /* myCamera.png */ = {isa = PBXFileReference; lastKnownFileType = image.png; path = myCamera.png; sourceTree = "<group>"; };
		706AD0541F84167F001F83A5 /* viewCamera.png */ = {isa = PBXFileReference; lastKnownFileType = image.png; path = viewCamera.png; sourceTree = "<group>"; };
		70841B981F842DE700238258 /* EventsCell.h */ = {isa = PBXFileReference; lastKnownFileType = sourcecode.c.h; path = EventsCell.h; sourceTree = "<group>"; };
		70841B991F842DE700238258 /* EventsCell.m */ = {isa = PBXFileReference; lastKnownFileType = sourcecode.c.objc; path = EventsCell.m; sourceTree = "<group>"; };
		70841B9A1F842DE700238258 /* EventsCell.xib */ = {isa = PBXFileReference; lastKnownFileType = file.xib; path = EventsCell.xib; sourceTree = "<group>"; };
		70841B9E1F84D5E200238258 /* noimage.png */ = {isa = PBXFileReference; lastKnownFileType = image.png; path = noimage.png; sourceTree = "<group>"; };
		70841BA01F84E27700238258 /* Social.framework */ = {isa = PBXFileReference; lastKnownFileType = wrapper.framework; name = Social.framework; path = System/Library/Frameworks/Social.framework; sourceTree = SDKROOT; };
		70C439771F882FE00054288D /* share.png */ = {isa = PBXFileReference; lastKnownFileType = image.png; path = share.png; sourceTree = "<group>"; };
		70C439781F883BE90054288D /* addImage.png */ = {isa = PBXFileReference; lastKnownFileType = image.png; path = addImage.png; sourceTree = "<group>"; };
		70C439791F88ED5E0054288D /* MobileCoreServices.framework */ = {isa = PBXFileReference; lastKnownFileType = wrapper.framework; name = MobileCoreServices.framework; path = System/Library/Frameworks/MobileCoreServices.framework; sourceTree = SDKROOT; };
		70C4397C1F88F8EE0054288D /* RNDecryptor.m */ = {isa = PBXFileReference; lastKnownFileType = sourcecode.c.objc; path = RNDecryptor.m; sourceTree = "<group>"; };
		70C4397D1F88F8EE0054288D /* RNEncryptor.h */ = {isa = PBXFileReference; lastKnownFileType = sourcecode.c.h; path = RNEncryptor.h; sourceTree = "<group>"; };
		70C4397E1F88F8EE0054288D /* RNEncryptor.m */ = {isa = PBXFileReference; lastKnownFileType = sourcecode.c.objc; path = RNEncryptor.m; sourceTree = "<group>"; };
		70C4397F1F88F8EF0054288D /* RNCryptor.m */ = {isa = PBXFileReference; lastKnownFileType = sourcecode.c.objc; path = RNCryptor.m; sourceTree = "<group>"; };
		70C439801F88F8EF0054288D /* RNCryptor.h */ = {isa = PBXFileReference; lastKnownFileType = sourcecode.c.h; path = RNCryptor.h; sourceTree = "<group>"; };
		70C439811F88F8EF0054288D /* RNCryptor+Private.h */ = {isa = PBXFileReference; lastKnownFileType = sourcecode.c.h; path = "RNCryptor+Private.h"; sourceTree = "<group>"; };
		70C439821F88F8EF0054288D /* RNCryptorEngine.h */ = {isa = PBXFileReference; lastKnownFileType = sourcecode.c.h; path = RNCryptorEngine.h; sourceTree = "<group>"; };
		70C439831F88F8EF0054288D /* RNCryptor-Prefix.pch */ = {isa = PBXFileReference; lastKnownFileType = sourcecode.c.h; path = "RNCryptor-Prefix.pch"; sourceTree = "<group>"; };
		70C439841F88F8EF0054288D /* RNCryptorEngine.m */ = {isa = PBXFileReference; lastKnownFileType = sourcecode.c.objc; path = RNCryptorEngine.m; sourceTree = "<group>"; };
		70C439851F88F8EF0054288D /* RNDecryptor.h */ = {isa = PBXFileReference; lastKnownFileType = sourcecode.c.h; path = RNDecryptor.h; sourceTree = "<group>"; };
		8E341854FC1A3E5D3E74E15B /* Pods-FinalProject.debug.xcconfig */ = {isa = PBXFileReference; includeInIndex = 1; lastKnownFileType = text.xcconfig; name = "Pods-FinalProject.debug.xcconfig"; path = "Pods/Target Support Files/Pods-FinalProject/Pods-FinalProject.debug.xcconfig"; sourceTree = "<group>"; };
		BA18143C1F91131000D84F00 /* EventKit.framework */ = {isa = PBXFileReference; lastKnownFileType = wrapper.framework; name = EventKit.framework; path = System/Library/Frameworks/EventKit.framework; sourceTree = SDKROOT; };
		BA18143D1F91131000D84F00 /* EventKitUI.framework */ = {isa = PBXFileReference; lastKnownFileType = wrapper.framework; name = EventKitUI.framework; path = System/Library/Frameworks/EventKitUI.framework; sourceTree = SDKROOT; };
		BA1814441F924E5E00D84F00 /* AVKit.framework */ = {isa = PBXFileReference; lastKnownFileType = wrapper.framework; name = AVKit.framework; path = System/Library/Frameworks/AVKit.framework; sourceTree = SDKROOT; };
		BA18144E1F93C6B100D84F00 /* UIFont+SystemFontOverride.h */ = {isa = PBXFileReference; lastKnownFileType = sourcecode.c.h; path = "UIFont+SystemFontOverride.h"; sourceTree = "<group>"; };
		BA18144F1F93C6B100D84F00 /* UIFont+SystemFontOverride.m */ = {isa = PBXFileReference; lastKnownFileType = sourcecode.c.objc; path = "UIFont+SystemFontOverride.m"; sourceTree = "<group>"; };
		BA1814521F94F34800D84F00 /* FriendProfileViewController.h */ = {isa = PBXFileReference; lastKnownFileType = sourcecode.c.h; path = FriendProfileViewController.h; sourceTree = "<group>"; };
		BA1814531F94F34800D84F00 /* FriendProfileViewController.m */ = {isa = PBXFileReference; lastKnownFileType = sourcecode.c.objc; path = FriendProfileViewController.m; sourceTree = "<group>"; };
		BA1814541F94F34800D84F00 /* FriendProfileViewController.xib */ = {isa = PBXFileReference; lastKnownFileType = file.xib; path = FriendProfileViewController.xib; sourceTree = "<group>"; };
		BA1814581F951FE800D84F00 /* EventsUnderConsiderationController.h */ = {isa = PBXFileReference; lastKnownFileType = sourcecode.c.h; path = EventsUnderConsiderationController.h; sourceTree = "<group>"; };
		BA1814591F951FE800D84F00 /* EventsUnderConsiderationController.m */ = {isa = PBXFileReference; lastKnownFileType = sourcecode.c.objc; path = EventsUnderConsiderationController.m; sourceTree = "<group>"; };
		BA18145A1F951FE800D84F00 /* EventsUnderConsiderationController.xib */ = {isa = PBXFileReference; lastKnownFileType = file.xib; path = EventsUnderConsiderationController.xib; sourceTree = "<group>"; };
		BA18145D1F952CD700D84F00 /* CustomCell.h */ = {isa = PBXFileReference; lastKnownFileType = sourcecode.c.h; path = CustomCell.h; sourceTree = "<group>"; };
		BA18145E1F952CD700D84F00 /* CustomCell.m */ = {isa = PBXFileReference; lastKnownFileType = sourcecode.c.objc; path = CustomCell.m; sourceTree = "<group>"; };
		BA18145F1F952CD800D84F00 /* CustomCell.xib */ = {isa = PBXFileReference; lastKnownFileType = file.xib; path = CustomCell.xib; sourceTree = "<group>"; };
		BABD9CB71F8CE6F3009A97DA /* FirebaseAuth.framework */ = {isa = PBXFileReference; lastKnownFileType = wrapper.framework; name = FirebaseAuth.framework; path = Pods/FirebaseAuth/Frameworks/FirebaseAuth.framework; sourceTree = "<group>"; };
		BABD9CB91F8CE708009A97DA /* FirebaseAnalytics.framework */ = {isa = PBXFileReference; lastKnownFileType = wrapper.framework; name = FirebaseAnalytics.framework; path = Pods/FirebaseAnalytics/Frameworks/FirebaseAnalytics.framework; sourceTree = "<group>"; };
		BABD9CBB1F8CE746009A97DA /* FirebaseCore.framework */ = {isa = PBXFileReference; lastKnownFileType = wrapper.framework; name = FirebaseCore.framework; path = Pods/FirebaseCore/Frameworks/FirebaseCore.framework; sourceTree = "<group>"; };
		BABD9CBD1F8CE770009A97DA /* FirebaseDatabase.framework */ = {isa = PBXFileReference; lastKnownFileType = wrapper.framework; name = FirebaseDatabase.framework; path = Pods/FirebaseDatabase/Frameworks/FirebaseDatabase.framework; sourceTree = "<group>"; };
		BABD9CBF1F8CE77C009A97DA /* FirebaseInstanceID.framework */ = {isa = PBXFileReference; lastKnownFileType = wrapper.framework; name = FirebaseInstanceID.framework; path = Pods/FirebaseInstanceID/Frameworks/FirebaseInstanceID.framework; sourceTree = "<group>"; };
		BABD9CC11F8CE789009A97DA /* FirebaseStorage.framework */ = {isa = PBXFileReference; lastKnownFileType = wrapper.framework; name = FirebaseStorage.framework; path = Pods/FirebaseStorage/Frameworks/FirebaseStorage.framework; sourceTree = "<group>"; };
		BABD9CCE1F8E5512009A97DA /* usersAndChatViewController.h */ = {isa = PBXFileReference; lastKnownFileType = sourcecode.c.h; path = usersAndChatViewController.h; sourceTree = "<group>"; };
		BABD9CCF1F8E5512009A97DA /* usersAndChatViewController.m */ = {isa = PBXFileReference; lastKnownFileType = sourcecode.c.objc; path = usersAndChatViewController.m; sourceTree = "<group>"; };
		BABD9CD01F8E5512009A97DA /* usersAndChatViewController.xib */ = {isa = PBXFileReference; lastKnownFileType = file.xib; path = usersAndChatViewController.xib; sourceTree = "<group>"; };
		BABD9CD31F8EC45C009A97DA /* mapViewController.h */ = {isa = PBXFileReference; lastKnownFileType = sourcecode.c.h; path = mapViewController.h; sourceTree = "<group>"; };
		BABD9CD41F8EC45C009A97DA /* mapViewController.m */ = {isa = PBXFileReference; lastKnownFileType = sourcecode.c.objc; path = mapViewController.m; sourceTree = "<group>"; };
		BABD9CD51F8EC45C009A97DA /* mapViewController.xib */ = {isa = PBXFileReference; lastKnownFileType = file.xib; path = mapViewController.xib; sourceTree = "<group>"; };
		BABD9CD81F8EC499009A97DA /* CoreLocation.framework */ = {isa = PBXFileReference; lastKnownFileType = wrapper.framework; name = CoreLocation.framework; path = System/Library/Frameworks/CoreLocation.framework; sourceTree = SDKROOT; };
		BABD9CDA1F8EC4AF009A97DA /* MapKit.framework */ = {isa = PBXFileReference; lastKnownFileType = wrapper.framework; name = MapKit.framework; path = System/Library/Frameworks/MapKit.framework; sourceTree = SDKROOT; };
		BABD9CE11F8FCB9F009A97DA /* eventDetailController.h */ = {isa = PBXFileReference; lastKnownFileType = sourcecode.c.h; path = eventDetailController.h; sourceTree = "<group>"; };
		BABD9CE21F8FCB9F009A97DA /* eventDetailController.m */ = {isa = PBXFileReference; lastKnownFileType = sourcecode.c.objc; path = eventDetailController.m; sourceTree = "<group>"; };
		BABD9CE31F8FCB9F009A97DA /* eventDetailController.xib */ = {isa = PBXFileReference; lastKnownFileType = file.xib; path = eventDetailController.xib; sourceTree = "<group>"; };
		BAC02E461F8BB0F5006E9CB5 /* ChatView.h */ = {isa = PBXFileReference; lastKnownFileType = sourcecode.c.h; path = ChatView.h; sourceTree = "<group>"; };
		BAC02E471F8BB0F5006E9CB5 /* ChatView.m */ = {isa = PBXFileReference; lastKnownFileType = sourcecode.c.objc; path = ChatView.m; sourceTree = "<group>"; };
		BAC02E481F8BB0F5006E9CB5 /* ChatView.xib */ = {isa = PBXFileReference; lastKnownFileType = file.xib; path = ChatView.xib; sourceTree = "<group>"; };
		BAC02E4D1F8CC6EE006E9CB5 /* GoogleService-Info.plist */ = {isa = PBXFileReference; lastKnownFileType = text.plist.xml; path = "GoogleService-Info.plist"; sourceTree = "<group>"; };
		CA1A587BCCCB398F98A26165 /* Pods-FinalProjectTests.debug.xcconfig */ = {isa = PBXFileReference; includeInIndex = 1; lastKnownFileType = text.xcconfig; name = "Pods-FinalProjectTests.debug.xcconfig"; path = "Pods/Target Support Files/Pods-FinalProjectTests/Pods-FinalProjectTests.debug.xcconfig"; sourceTree = "<group>"; };
		D3E44ABDF55BBA001129911A /* libPods-FinalProjectTests.a */ = {isa = PBXFileReference; explicitFileType = archive.ar; includeInIndex = 0; path = "libPods-FinalProjectTests.a"; sourceTree = BUILT_PRODUCTS_DIR; };
/* End PBXFileReference section */

/* Begin PBXFrameworksBuildPhase section */
		706ACFF91F83F73E001F83A5 /* Frameworks */ = {
			isa = PBXFrameworksBuildPhase;
			buildActionMask = 2147483647;
			files = (
				BA1814451F924E5E00D84F00 /* AVKit.framework in Frameworks */,
				03EB2FBE1F867F5F00FE539D /* AVFoundation.framework in Frameworks */,
				BA18143E1F91131100D84F00 /* EventKit.framework in Frameworks */,
				BA18143F1F91131100D84F00 /* EventKitUI.framework in Frameworks */,
				BABD9CDB1F8EC4AF009A97DA /* MapKit.framework in Frameworks */,
				BABD9CD91F8EC499009A97DA /* CoreLocation.framework in Frameworks */,
				BABD9CC21F8CE789009A97DA /* FirebaseStorage.framework in Frameworks */,
				BABD9CC01F8CE77C009A97DA /* FirebaseInstanceID.framework in Frameworks */,
				BABD9CBE1F8CE770009A97DA /* FirebaseDatabase.framework in Frameworks */,
				BABD9CBC1F8CE746009A97DA /* FirebaseCore.framework in Frameworks */,
				BABD9CBA1F8CE708009A97DA /* FirebaseAnalytics.framework in Frameworks */,
				70C4397A1F88ED5E0054288D /* MobileCoreServices.framework in Frameworks */,
				032DA26E1F87CE4B00E73F2F /* Security.framework in Frameworks */,
				70841BA11F84E27700238258 /* Social.framework in Frameworks */,
				89294999A5724D8DE4D8AAD1 /* libPods-FinalProject.a in Frameworks */,
			);
			runOnlyForDeploymentPostprocessing = 0;
		};
		706AD0141F83F73F001F83A5 /* Frameworks */ = {
			isa = PBXFrameworksBuildPhase;
			buildActionMask = 2147483647;
			files = (
				EB4018BEAF17CBDAE3DB3275 /* libPods-FinalProjectTests.a in Frameworks */,
			);
			runOnlyForDeploymentPostprocessing = 0;
		};
		706AD01F1F83F73F001F83A5 /* Frameworks */ = {
			isa = PBXFrameworksBuildPhase;
			buildActionMask = 2147483647;
			files = (
				6E97294A67476CAA41A3AB38 /* libPods-FinalProjectUITests.a in Frameworks */,
			);
			runOnlyForDeploymentPostprocessing = 0;
		};
/* End PBXFrameworksBuildPhase section */

/* Begin PBXGroup section */
		032DA2691F879EAE00E73F2F /* Managers */ = {
			isa = PBXGroup;
			children = (
				706AD03F1F840159001F83A5 /* ImageCaching.h */,
				706AD0401F840159001F83A5 /* ImageCaching.m */,
				032DA26A1F879F3700E73F2F /* CoreDataManager.h */,
				032DA26B1F879F3700E73F2F /* CoreDataManager.m */,
				BA18144E1F93C6B100D84F00 /* UIFont+SystemFontOverride.h */,
				BA18144F1F93C6B100D84F00 /* UIFont+SystemFontOverride.m */,
			);
			path = Managers;
			sourceTree = "<group>";
		};
		03E353221F878776005539A2 /* LOGIN&REGISTER */ = {
			isa = PBXGroup;
			children = (
				03E3531D1F87876E005539A2 /* LoginViewController.h */,
				03E3531E1F87876E005539A2 /* LoginViewController.m */,
				03E3531F1F87876E005539A2 /* LoginViewController.xib */,
				03E353281F878C59005539A2 /* RegisterViewController.h */,
				03E353291F878C59005539A2 /* RegisterViewController.m */,
				03E3532A1F878C59005539A2 /* RegisterViewController.xib */,
			);
			path = "LOGIN&REGISTER";
			sourceTree = "<group>";
		};
		03EB2FBF1F8687A900FE539D /* Others */ = {
			isa = PBXGroup;
			children = (
				70C439781F883BE90054288D /* addImage.png */,
				70C439771F882FE00054288D /* share.png */,
				03EF6F021F88045400128917 /* person.png */,
				03EB2FB41F8648F200FE539D /* icons8-Camera-100.png */,
				706AD0421F840EE5001F83A5 /* status.png */,
				706AD0531F841558001F83A5 /* myCamera.png */,
				706AD0541F84167F001F83A5 /* viewCamera.png */,
				70841B9E1F84D5E200238258 /* noimage.png */,
			);
			path = Others;
			sourceTree = "<group>";
		};
		03EF6EFC1F87E2EC00128917 /* FOURTH TAB */ = {
			isa = PBXGroup;
			children = (
				03EF6EFD1F87E37D00128917 /* ProfileViewController.h */,
				03EF6EFE1F87E37D00128917 /* ProfileViewController.m */,
				03EF6EFF1F87E37D00128917 /* ProfileViewController.xib */,
				BA1814581F951FE800D84F00 /* EventsUnderConsiderationController.h */,
				BA1814591F951FE800D84F00 /* EventsUnderConsiderationController.m */,
				BA18145A1F951FE800D84F00 /* EventsUnderConsiderationController.xib */,
				BA18145D1F952CD700D84F00 /* CustomCell.h */,
				BA18145E1F952CD700D84F00 /* CustomCell.m */,
				BA18145F1F952CD800D84F00 /* CustomCell.xib */,
			);
			path = "FOURTH TAB";
			sourceTree = "<group>";
		};
		706ACFF31F83F73E001F83A5 = {
			isa = PBXGroup;
			children = (
				706ACFFE1F83F73E001F83A5 /* FinalProject */,
				706AD01A1F83F73F001F83A5 /* FinalProjectTests */,
				706AD0251F83F73F001F83A5 /* FinalProjectUITests */,
				706ACFFD1F83F73E001F83A5 /* Products */,
				70841B9F1F84E27700238258 /* Frameworks */,
				C61E6B719398C0088233EC46 /* Pods */,
			);
			sourceTree = "<group>";
		};
		706ACFFD1F83F73E001F83A5 /* Products */ = {
			isa = PBXGroup;
			children = (
				706ACFFC1F83F73E001F83A5 /* FinalProject.app */,
				706AD0171F83F73F001F83A5 /* FinalProjectTests.xctest */,
				706AD0221F83F73F001F83A5 /* FinalProjectUITests.xctest */,
			);
			name = Products;
			sourceTree = "<group>";
		};
		706ACFFE1F83F73E001F83A5 /* FinalProject */ = {
			isa = PBXGroup;
			children = (
				BAC02E451F8BB0BA006E9CB5 /* THIRD TAB */,
				03EF6EFC1F87E2EC00128917 /* FOURTH TAB */,
				032DA2691F879EAE00E73F2F /* Managers */,
				70C4397B1F88F8250054288D /* ENCRYPTOR&DECRYPTOR */,
				03E353221F878776005539A2 /* LOGIN&REGISTER */,
				706AD0341F83F7B9001F83A5 /* FIRST TAB */,
				706AD0431F841353001F83A5 /* SECOND TAB */,
				706ACFFF1F83F73E001F83A5 /* AppDelegate.h */,
				706AD0001F83F73E001F83A5 /* AppDelegate.m */,
				706AD00B1F83F73F001F83A5 /* Assets.xcassets */,
				706AD00D1F83F73F001F83A5 /* LaunchScreen.storyboard */,
				706AD0101F83F73F001F83A5 /* Info.plist */,
				BAC02E4D1F8CC6EE006E9CB5 /* GoogleService-Info.plist */,
				706AD0111F83F73F001F83A5 /* main.m */,
				706AD0081F83F73F001F83A5 /* FinalProject.xcdatamodeld */,
				03EB2FBF1F8687A900FE539D /* Others */,
			);
			path = FinalProject;
			sourceTree = "<group>";
		};
		706AD01A1F83F73F001F83A5 /* FinalProjectTests */ = {
			isa = PBXGroup;
			children = (
				706AD01B1F83F73F001F83A5 /* FinalProjectTests.m */,
				706AD01D1F83F73F001F83A5 /* Info.plist */,
			);
			path = FinalProjectTests;
			sourceTree = "<group>";
		};
		706AD0251F83F73F001F83A5 /* FinalProjectUITests */ = {
			isa = PBXGroup;
			children = (
				706AD0261F83F73F001F83A5 /* FinalProjectUITests.m */,
				706AD0281F83F73F001F83A5 /* Info.plist */,
			);
			path = FinalProjectUITests;
			sourceTree = "<group>";
		};
		706AD0341F83F7B9001F83A5 /* FIRST TAB */ = {
			isa = PBXGroup;
			children = (
				706AD03A1F83F831001F83A5 /* EventsViewController.h */,
				706AD03B1F83F831001F83A5 /* EventsViewController.m */,
				706AD03C1F83F831001F83A5 /* EventsViewController.xib */,
				70841B981F842DE700238258 /* EventsCell.h */,
				70841B991F842DE700238258 /* EventsCell.m */,
				70841B9A1F842DE700238258 /* EventsCell.xib */,
				BABD9CD31F8EC45C009A97DA /* mapViewController.h */,
				BABD9CD41F8EC45C009A97DA /* mapViewController.m */,
				BABD9CD51F8EC45C009A97DA /* mapViewController.xib */,
				BABD9CE11F8FCB9F009A97DA /* eventDetailController.h */,
				BABD9CE21F8FCB9F009A97DA /* eventDetailController.m */,
				BABD9CE31F8FCB9F009A97DA /* eventDetailController.xib */,
			);
			path = "FIRST TAB";
			sourceTree = "<group>";
		};
		706AD0431F841353001F83A5 /* SECOND TAB */ = {
			isa = PBXGroup;
			children = (
				706AD04E1F841421001F83A5 /* MediaController.h */,
				706AD04F1F841421001F83A5 /* MediaController.m */,
				706AD0501F841421001F83A5 /* MediaController.xib */,
				03EB2FC01F86934900FE539D /* cameraView.h */,
				03EB2FC11F86934A00FE539D /* cameraView.m */,
				03E353171F86AF0F005539A2 /* AVCamPhotoCaptureDelegate.h */,
				03E353181F86AF0F005539A2 /* AVCamPhotoCaptureDelegate.m */,
			);
			path = "SECOND TAB";
			sourceTree = "<group>";
		};
		70841B9F1F84E27700238258 /* Frameworks */ = {
			isa = PBXGroup;
			children = (
				BA1814441F924E5E00D84F00 /* AVKit.framework */,
				BA18143C1F91131000D84F00 /* EventKit.framework */,
				BA18143D1F91131000D84F00 /* EventKitUI.framework */,
				BABD9CDA1F8EC4AF009A97DA /* MapKit.framework */,
				BABD9CD81F8EC499009A97DA /* CoreLocation.framework */,
				BABD9CC11F8CE789009A97DA /* FirebaseStorage.framework */,
				BABD9CBF1F8CE77C009A97DA /* FirebaseInstanceID.framework */,
				BABD9CBD1F8CE770009A97DA /* FirebaseDatabase.framework */,
				BABD9CBB1F8CE746009A97DA /* FirebaseCore.framework */,
				BABD9CB91F8CE708009A97DA /* FirebaseAnalytics.framework */,
				BABD9CB71F8CE6F3009A97DA /* FirebaseAuth.framework */,
				70C439791F88ED5E0054288D /* MobileCoreServices.framework */,
				032DA26D1F87CE4B00E73F2F /* Security.framework */,
				03EB2FBD1F867F5F00FE539D /* AVFoundation.framework */,
				70841BA01F84E27700238258 /* Social.framework */,
				2DA8909A549B79CE25114846 /* libPods-FinalProject.a */,
				D3E44ABDF55BBA001129911A /* libPods-FinalProjectTests.a */,
				5AB5D7839A9B04E3CD7CCFA7 /* libPods-FinalProjectUITests.a */,
			);
			name = Frameworks;
			sourceTree = "<group>";
		};
		70C4397B1F88F8250054288D /* ENCRYPTOR&DECRYPTOR */ = {
			isa = PBXGroup;
			children = (
				70C439831F88F8EF0054288D /* RNCryptor-Prefix.pch */,
				70C439801F88F8EF0054288D /* RNCryptor.h */,
				70C4397F1F88F8EF0054288D /* RNCryptor.m */,
				70C439811F88F8EF0054288D /* RNCryptor+Private.h */,
				70C439821F88F8EF0054288D /* RNCryptorEngine.h */,
				70C439841F88F8EF0054288D /* RNCryptorEngine.m */,
				70C439851F88F8EF0054288D /* RNDecryptor.h */,
				70C4397C1F88F8EE0054288D /* RNDecryptor.m */,
				70C4397D1F88F8EE0054288D /* RNEncryptor.h */,
				70C4397E1F88F8EE0054288D /* RNEncryptor.m */,
			);
			path = "ENCRYPTOR&DECRYPTOR";
			sourceTree = "<group>";
		};
		BAC02E451F8BB0BA006E9CB5 /* THIRD TAB */ = {
			isa = PBXGroup;
			children = (
				BAC02E461F8BB0F5006E9CB5 /* ChatView.h */,
				BAC02E471F8BB0F5006E9CB5 /* ChatView.m */,
				BAC02E481F8BB0F5006E9CB5 /* ChatView.xib */,
				BABD9CCE1F8E5512009A97DA /* usersAndChatViewController.h */,
				BABD9CCF1F8E5512009A97DA /* usersAndChatViewController.m */,
				BABD9CD01F8E5512009A97DA /* usersAndChatViewController.xib */,
				BA1814521F94F34800D84F00 /* FriendProfileViewController.h */,
				BA1814531F94F34800D84F00 /* FriendProfileViewController.m */,
				BA1814541F94F34800D84F00 /* FriendProfileViewController.xib */,
			);
			path = "THIRD TAB";
			sourceTree = "<group>";
		};
		C61E6B719398C0088233EC46 /* Pods */ = {
			isa = PBXGroup;
			children = (
				8E341854FC1A3E5D3E74E15B /* Pods-FinalProject.debug.xcconfig */,
				6650EF94E7523E4FCBA1E80C /* Pods-FinalProject.release.xcconfig */,
				CA1A587BCCCB398F98A26165 /* Pods-FinalProjectTests.debug.xcconfig */,
				6ABADF84DBB28C427981FB33 /* Pods-FinalProjectTests.release.xcconfig */,
				1EB3D9D6F60F718CD5F4C13E /* Pods-FinalProjectUITests.debug.xcconfig */,
				08E0849A7D1B7E8B798C7EE1 /* Pods-FinalProjectUITests.release.xcconfig */,
			);
			name = Pods;
			sourceTree = "<group>";
		};
/* End PBXGroup section */

/* Begin PBXNativeTarget section */
		706ACFFB1F83F73E001F83A5 /* FinalProject */ = {
			isa = PBXNativeTarget;
			buildConfigurationList = 706AD02B1F83F73F001F83A5 /* Build configuration list for PBXNativeTarget "FinalProject" */;
			buildPhases = (
				80C331B143B59228B96E85E4 /* [CP] Check Pods Manifest.lock */,
				706ACFF81F83F73E001F83A5 /* Sources */,
				706ACFF91F83F73E001F83A5 /* Frameworks */,
				706ACFFA1F83F73E001F83A5 /* Resources */,
				F91BE6DCA7D3AFF5158DC380 /* [CP] Embed Pods Frameworks */,
				791E654EF887F36C8CCA4FAA /* [CP] Copy Pods Resources */,
			);
			buildRules = (
			);
			dependencies = (
			);
			name = FinalProject;
			productName = FinalProject;
			productReference = 706ACFFC1F83F73E001F83A5 /* FinalProject.app */;
			productType = "com.apple.product-type.application";
		};
		706AD0161F83F73F001F83A5 /* FinalProjectTests */ = {
			isa = PBXNativeTarget;
			buildConfigurationList = 706AD02E1F83F73F001F83A5 /* Build configuration list for PBXNativeTarget "FinalProjectTests" */;
			buildPhases = (
				1AB823F2B85BB0E8CA411C9A /* [CP] Check Pods Manifest.lock */,
				706AD0131F83F73F001F83A5 /* Sources */,
				706AD0141F83F73F001F83A5 /* Frameworks */,
				706AD0151F83F73F001F83A5 /* Resources */,
				DBC0B0A91E951F84F41EAEBB /* [CP] Embed Pods Frameworks */,
				BEBCBFC9CDD57C5C8F2BDA96 /* [CP] Copy Pods Resources */,
			);
			buildRules = (
			);
			dependencies = (
				706AD0191F83F73F001F83A5 /* PBXTargetDependency */,
			);
			name = FinalProjectTests;
			productName = FinalProjectTests;
			productReference = 706AD0171F83F73F001F83A5 /* FinalProjectTests.xctest */;
			productType = "com.apple.product-type.bundle.unit-test";
		};
		706AD0211F83F73F001F83A5 /* FinalProjectUITests */ = {
			isa = PBXNativeTarget;
			buildConfigurationList = 706AD0311F83F73F001F83A5 /* Build configuration list for PBXNativeTarget "FinalProjectUITests" */;
			buildPhases = (
				61DADE048964A194D5CA7843 /* [CP] Check Pods Manifest.lock */,
				706AD01E1F83F73F001F83A5 /* Sources */,
				706AD01F1F83F73F001F83A5 /* Frameworks */,
				706AD0201F83F73F001F83A5 /* Resources */,
				882D848198DC9A2F8E9D77D7 /* [CP] Embed Pods Frameworks */,
				84E0A347E136257A622FEC38 /* [CP] Copy Pods Resources */,
			);
			buildRules = (
			);
			dependencies = (
				706AD0241F83F73F001F83A5 /* PBXTargetDependency */,
			);
			name = FinalProjectUITests;
			productName = FinalProjectUITests;
			productReference = 706AD0221F83F73F001F83A5 /* FinalProjectUITests.xctest */;
			productType = "com.apple.product-type.bundle.ui-testing";
		};
/* End PBXNativeTarget section */

/* Begin PBXProject section */
		706ACFF41F83F73E001F83A5 /* Project object */ = {
			isa = PBXProject;
			attributes = {
				LastUpgradeCheck = 0900;
				ORGANIZATIONNAME = moshood;
				TargetAttributes = {
					706ACFFB1F83F73E001F83A5 = {
						CreatedOnToolsVersion = 9.0;
						ProvisioningStyle = Automatic;
					};
					706AD0161F83F73F001F83A5 = {
						CreatedOnToolsVersion = 9.0;
						ProvisioningStyle = Automatic;
						TestTargetID = 706ACFFB1F83F73E001F83A5;
					};
					706AD0211F83F73F001F83A5 = {
						CreatedOnToolsVersion = 9.0;
						ProvisioningStyle = Automatic;
						TestTargetID = 706ACFFB1F83F73E001F83A5;
					};
				};
			};
			buildConfigurationList = 706ACFF71F83F73E001F83A5 /* Build configuration list for PBXProject "FinalProject" */;
			compatibilityVersion = "Xcode 8.0";
			developmentRegion = en;
			hasScannedForEncodings = 0;
			knownRegions = (
				en,
				Base,
			);
			mainGroup = 706ACFF31F83F73E001F83A5;
			productRefGroup = 706ACFFD1F83F73E001F83A5 /* Products */;
			projectDirPath = "";
			projectRoot = "";
			targets = (
				706ACFFB1F83F73E001F83A5 /* FinalProject */,
				706AD0161F83F73F001F83A5 /* FinalProjectTests */,
				706AD0211F83F73F001F83A5 /* FinalProjectUITests */,
			);
		};
/* End PBXProject section */

/* Begin PBXResourcesBuildPhase section */
		706ACFFA1F83F73E001F83A5 /* Resources */ = {
			isa = PBXResourcesBuildPhase;
			buildActionMask = 2147483647;
			files = (
				70841B9C1F842DE700238258 /* EventsCell.xib in Resources */,
				706AD0521F841421001F83A5 /* MediaController.xib in Resources */,
				BA1814561F94F34D00D84F00 /* FriendProfileViewController.xib in Resources */,
				BABD9CE51F8FCB9F009A97DA /* eventDetailController.xib in Resources */,
				BA18145C1F951FE900D84F00 /* EventsUnderConsiderationController.xib in Resources */,
				03EF6F011F87E37D00128917 /* ProfileViewController.xib in Resources */,
				03E3532C1F878C59005539A2 /* RegisterViewController.xib in Resources */,
				706AD00F1F83F73F001F83A5 /* LaunchScreen.storyboard in Resources */,
				706AD03E1F83F831001F83A5 /* EventsViewController.xib in Resources */,
				BABD9CD71F8EC45C009A97DA /* mapViewController.xib in Resources */,
				BA1814611F952CD800D84F00 /* CustomCell.xib in Resources */,
				706AD00C1F83F73F001F83A5 /* Assets.xcassets in Resources */,
				BABD9CC31F8CEBC7009A97DA /* GoogleService-Info.plist in Resources */,
				03E353211F87876E005539A2 /* LoginViewController.xib in Resources */,
				BAC02E4A1F8BB0F5006E9CB5 /* ChatView.xib in Resources */,
				BABD9CD21F8E5512009A97DA /* usersAndChatViewController.xib in Resources */,
			);
			runOnlyForDeploymentPostprocessing = 0;
		};
		706AD0151F83F73F001F83A5 /* Resources */ = {
			isa = PBXResourcesBuildPhase;
			buildActionMask = 2147483647;
			files = (
			);
			runOnlyForDeploymentPostprocessing = 0;
		};
		706AD0201F83F73F001F83A5 /* Resources */ = {
			isa = PBXResourcesBuildPhase;
			buildActionMask = 2147483647;
			files = (
			);
			runOnlyForDeploymentPostprocessing = 0;
		};
/* End PBXResourcesBuildPhase section */

/* Begin PBXShellScriptBuildPhase section */
		1AB823F2B85BB0E8CA411C9A /* [CP] Check Pods Manifest.lock */ = {
			isa = PBXShellScriptBuildPhase;
			buildActionMask = 2147483647;
			files = (
			);
			inputPaths = (
				"${PODS_PODFILE_DIR_PATH}/Podfile.lock",
				"${PODS_ROOT}/Manifest.lock",
			);
			name = "[CP] Check Pods Manifest.lock";
			outputPaths = (
				"$(DERIVED_FILE_DIR)/Pods-FinalProjectTests-checkManifestLockResult.txt",
			);
			runOnlyForDeploymentPostprocessing = 0;
			shellPath = /bin/sh;
			shellScript = "diff \"${PODS_PODFILE_DIR_PATH}/Podfile.lock\" \"${PODS_ROOT}/Manifest.lock\" > /dev/null\nif [ $? != 0 ] ; then\n    # print error to STDERR\n    echo \"error: The sandbox is not in sync with the Podfile.lock. Run 'pod install' or update your CocoaPods installation.\" >&2\n    exit 1\nfi\n# This output is used by Xcode 'outputs' to avoid re-running this script phase.\necho \"SUCCESS\" > \"${SCRIPT_OUTPUT_FILE_0}\"\n";
			showEnvVarsInLog = 0;
		};
		61DADE048964A194D5CA7843 /* [CP] Check Pods Manifest.lock */ = {
			isa = PBXShellScriptBuildPhase;
			buildActionMask = 2147483647;
			files = (
			);
			inputPaths = (
				"${PODS_PODFILE_DIR_PATH}/Podfile.lock",
				"${PODS_ROOT}/Manifest.lock",
			);
			name = "[CP] Check Pods Manifest.lock";
			outputPaths = (
				"$(DERIVED_FILE_DIR)/Pods-FinalProjectUITests-checkManifestLockResult.txt",
			);
			runOnlyForDeploymentPostprocessing = 0;
			shellPath = /bin/sh;
			shellScript = "diff \"${PODS_PODFILE_DIR_PATH}/Podfile.lock\" \"${PODS_ROOT}/Manifest.lock\" > /dev/null\nif [ $? != 0 ] ; then\n    # print error to STDERR\n    echo \"error: The sandbox is not in sync with the Podfile.lock. Run 'pod install' or update your CocoaPods installation.\" >&2\n    exit 1\nfi\n# This output is used by Xcode 'outputs' to avoid re-running this script phase.\necho \"SUCCESS\" > \"${SCRIPT_OUTPUT_FILE_0}\"\n";
			showEnvVarsInLog = 0;
		};
		791E654EF887F36C8CCA4FAA /* [CP] Copy Pods Resources */ = {
			isa = PBXShellScriptBuildPhase;
			buildActionMask = 2147483647;
			files = (
			);
			inputPaths = (
				"${SRCROOT}/Pods/Target Support Files/Pods-FinalProject/Pods-FinalProject-resources.sh",
				"${PODS_ROOT}/JSQMessagesViewController/JSQMessagesViewController/Assets/JSQMessagesAssets.bundle",
				"${PODS_ROOT}/JSQMessagesViewController/JSQMessagesViewController/Controllers/JSQMessagesViewController.xib",
				"${PODS_ROOT}/JSQMessagesViewController/JSQMessagesViewController/Views/JSQMessagesCollectionViewCellIncoming.xib",
				"${PODS_ROOT}/JSQMessagesViewController/JSQMessagesViewController/Views/JSQMessagesCollectionViewCellOutgoing.xib",
				"${PODS_ROOT}/JSQMessagesViewController/JSQMessagesViewController/Views/JSQMessagesLoadEarlierHeaderView.xib",
				"${PODS_ROOT}/JSQMessagesViewController/JSQMessagesViewController/Views/JSQMessagesToolbarContentView.xib",
				"${PODS_ROOT}/JSQMessagesViewController/JSQMessagesViewController/Views/JSQMessagesTypingIndicatorFooterView.xib",
				"${PODS_ROOT}/SAMKeychain/Support/SAMKeychain.bundle",
			);
			name = "[CP] Copy Pods Resources";
			outputPaths = (
				"${TARGET_BUILD_DIR}/${UNLOCALIZED_RESOURCES_FOLDER_PATH}",
			);
			runOnlyForDeploymentPostprocessing = 0;
			shellPath = /bin/sh;
			shellScript = "\"${SRCROOT}/Pods/Target Support Files/Pods-FinalProject/Pods-FinalProject-resources.sh\"\n";
			showEnvVarsInLog = 0;
		};
		80C331B143B59228B96E85E4 /* [CP] Check Pods Manifest.lock */ = {
			isa = PBXShellScriptBuildPhase;
			buildActionMask = 2147483647;
			files = (
			);
			inputPaths = (
				"${PODS_PODFILE_DIR_PATH}/Podfile.lock",
				"${PODS_ROOT}/Manifest.lock",
			);
			name = "[CP] Check Pods Manifest.lock";
			outputPaths = (
				"$(DERIVED_FILE_DIR)/Pods-FinalProject-checkManifestLockResult.txt",
			);
			runOnlyForDeploymentPostprocessing = 0;
			shellPath = /bin/sh;
			shellScript = "diff \"${PODS_PODFILE_DIR_PATH}/Podfile.lock\" \"${PODS_ROOT}/Manifest.lock\" > /dev/null\nif [ $? != 0 ] ; then\n    # print error to STDERR\n    echo \"error: The sandbox is not in sync with the Podfile.lock. Run 'pod install' or update your CocoaPods installation.\" >&2\n    exit 1\nfi\n# This output is used by Xcode 'outputs' to avoid re-running this script phase.\necho \"SUCCESS\" > \"${SCRIPT_OUTPUT_FILE_0}\"\n";
			showEnvVarsInLog = 0;
		};
		84E0A347E136257A622FEC38 /* [CP] Copy Pods Resources */ = {
			isa = PBXShellScriptBuildPhase;
			buildActionMask = 2147483647;
			files = (
			);
			inputPaths = (
			);
			name = "[CP] Copy Pods Resources";
			outputPaths = (
			);
			runOnlyForDeploymentPostprocessing = 0;
			shellPath = /bin/sh;
			shellScript = "\"${SRCROOT}/Pods/Target Support Files/Pods-FinalProjectUITests/Pods-FinalProjectUITests-resources.sh\"\n";
			showEnvVarsInLog = 0;
		};
		882D848198DC9A2F8E9D77D7 /* [CP] Embed Pods Frameworks */ = {
			isa = PBXShellScriptBuildPhase;
			buildActionMask = 2147483647;
			files = (
			);
			inputPaths = (
			);
			name = "[CP] Embed Pods Frameworks";
			outputPaths = (
			);
			runOnlyForDeploymentPostprocessing = 0;
			shellPath = /bin/sh;
			shellScript = "\"${SRCROOT}/Pods/Target Support Files/Pods-FinalProjectUITests/Pods-FinalProjectUITests-frameworks.sh\"\n";
			showEnvVarsInLog = 0;
		};
		BEBCBFC9CDD57C5C8F2BDA96 /* [CP] Copy Pods Resources */ = {
			isa = PBXShellScriptBuildPhase;
			buildActionMask = 2147483647;
			files = (
			);
			inputPaths = (
			);
			name = "[CP] Copy Pods Resources";
			outputPaths = (
			);
			runOnlyForDeploymentPostprocessing = 0;
			shellPath = /bin/sh;
			shellScript = "\"${SRCROOT}/Pods/Target Support Files/Pods-FinalProjectTests/Pods-FinalProjectTests-resources.sh\"\n";
			showEnvVarsInLog = 0;
		};
		DBC0B0A91E951F84F41EAEBB /* [CP] Embed Pods Frameworks */ = {
			isa = PBXShellScriptBuildPhase;
			buildActionMask = 2147483647;
			files = (
			);
			inputPaths = (
				"${SRCROOT}/Pods/Target Support Files/Pods-FinalProjectTests/Pods-FinalProjectTests-frameworks.sh",
				"${BUILT_PRODUCTS_DIR}/GTMSessionFetcher/GTMSessionFetcher.framework",
				"${BUILT_PRODUCTS_DIR}/GoogleToolboxForMac-Defines-NSData+zlib/GoogleToolboxForMac.framework",
				"${BUILT_PRODUCTS_DIR}/nanopb/nanopb.framework",
			);
			name = "[CP] Embed Pods Frameworks";
			outputPaths = (
				"${TARGET_BUILD_DIR}/${FRAMEWORKS_FOLDER_PATH}/GTMSessionFetcher.framework",
				"${TARGET_BUILD_DIR}/${FRAMEWORKS_FOLDER_PATH}/GoogleToolboxForMac.framework",
				"${TARGET_BUILD_DIR}/${FRAMEWORKS_FOLDER_PATH}/nanopb.framework",
			);
			runOnlyForDeploymentPostprocessing = 0;
			shellPath = /bin/sh;
			shellScript = "\"${SRCROOT}/Pods/Target Support Files/Pods-FinalProjectTests/Pods-FinalProjectTests-frameworks.sh\"\n";
			showEnvVarsInLog = 0;
		};
		F91BE6DCA7D3AFF5158DC380 /* [CP] Embed Pods Frameworks */ = {
			isa = PBXShellScriptBuildPhase;
			buildActionMask = 2147483647;
			files = (
			);
			inputPaths = (
				"${SRCROOT}/Pods/Target Support Files/Pods-FinalProject/Pods-FinalProject-frameworks.sh",
				"${BUILT_PRODUCTS_DIR}/AFNetworking/AFNetworking.framework",
				"${BUILT_PRODUCTS_DIR}/GTMSessionFetcher/GTMSessionFetcher.framework",
				"${BUILT_PRODUCTS_DIR}/GoogleToolboxForMac-f0850809/GoogleToolboxForMac.framework",
				"${BUILT_PRODUCTS_DIR}/JSQMessagesViewController/JSQMessagesViewController.framework",
				"${BUILT_PRODUCTS_DIR}/JSQSystemSoundPlayer/JSQSystemSoundPlayer.framework",
				"${BUILT_PRODUCTS_DIR}/SAMKeychain/SAMKeychain.framework",
				"${BUILT_PRODUCTS_DIR}/leveldb-library/leveldb.framework",
				"${BUILT_PRODUCTS_DIR}/nanopb/nanopb.framework",
			);
			name = "[CP] Embed Pods Frameworks";
			outputPaths = (
				"${TARGET_BUILD_DIR}/${FRAMEWORKS_FOLDER_PATH}/AFNetworking.framework",
				"${TARGET_BUILD_DIR}/${FRAMEWORKS_FOLDER_PATH}/GTMSessionFetcher.framework",
				"${TARGET_BUILD_DIR}/${FRAMEWORKS_FOLDER_PATH}/GoogleToolboxForMac.framework",
				"${TARGET_BUILD_DIR}/${FRAMEWORKS_FOLDER_PATH}/JSQMessagesViewController.framework",
				"${TARGET_BUILD_DIR}/${FRAMEWORKS_FOLDER_PATH}/JSQSystemSoundPlayer.framework",
				"${TARGET_BUILD_DIR}/${FRAMEWORKS_FOLDER_PATH}/SAMKeychain.framework",
				"${TARGET_BUILD_DIR}/${FRAMEWORKS_FOLDER_PATH}/leveldb.framework",
				"${TARGET_BUILD_DIR}/${FRAMEWORKS_FOLDER_PATH}/nanopb.framework",
			);
			runOnlyForDeploymentPostprocessing = 0;
			shellPath = /bin/sh;
			shellScript = "\"${SRCROOT}/Pods/Target Support Files/Pods-FinalProject/Pods-FinalProject-frameworks.sh\"\n";
			showEnvVarsInLog = 0;
		};
/* End PBXShellScriptBuildPhase section */

/* Begin PBXSourcesBuildPhase section */
		706ACFF81F83F73E001F83A5 /* Sources */ = {
			isa = PBXSourcesBuildPhase;
			buildActionMask = 2147483647;
			files = (
				BAC02E491F8BB0F5006E9CB5 /* ChatView.m in Sources */,
				03E3532B1F878C59005539A2 /* RegisterViewController.m in Sources */,
				BA1814501F93C6B100D84F00 /* UIFont+SystemFontOverride.m in Sources */,
				70841B9B1F842DE700238258 /* EventsCell.m in Sources */,
				BA24F4201F90BC4100990D4E /* cameraView.m in Sources */,
				BABD9CD61F8EC45C009A97DA /* mapViewController.m in Sources */,
				7005C9C71F89005300AD0659 /* RNCryptorEngine.m in Sources */,
				7005C9C81F89005700AD0659 /* RNDecryptor.m in Sources */,
				BA18145B1F951FE900D84F00 /* EventsUnderConsiderationController.m in Sources */,
				BABD9CE41F8FCB9F009A97DA /* eventDetailController.m in Sources */,
				7005C9C61F89004F00AD0659 /* RNCryptor.m in Sources */,
				7005C9C91F89005A00AD0659 /* RNEncryptor.m in Sources */,
				706AD0011F83F73E001F83A5 /* AppDelegate.m in Sources */,
				BA1814551F94F34D00D84F00 /* FriendProfileViewController.m in Sources */,
				BA1814601F952CD800D84F00 /* CustomCell.m in Sources */,
				03E353201F87876E005539A2 /* LoginViewController.m in Sources */,
				032DA26C1F879F3700E73F2F /* CoreDataManager.m in Sources */,
				BA24F4211F90BC4500990D4E /* MediaController.m in Sources */,
				706AD03D1F83F831001F83A5 /* EventsViewController.m in Sources */,
				706AD0121F83F73F001F83A5 /* main.m in Sources */,
				BA24F41F1F90BC3A00990D4E /* AVCamPhotoCaptureDelegate.m in Sources */,
				BABD9CD11F8E5512009A97DA /* usersAndChatViewController.m in Sources */,
				03EF6F001F87E37D00128917 /* ProfileViewController.m in Sources */,
				706AD0411F840159001F83A5 /* ImageCaching.m in Sources */,
				706AD00A1F83F73F001F83A5 /* FinalProject.xcdatamodeld in Sources */,
			);
			runOnlyForDeploymentPostprocessing = 0;
		};
		706AD0131F83F73F001F83A5 /* Sources */ = {
			isa = PBXSourcesBuildPhase;
			buildActionMask = 2147483647;
			files = (
				706AD01C1F83F73F001F83A5 /* FinalProjectTests.m in Sources */,
			);
			runOnlyForDeploymentPostprocessing = 0;
		};
		706AD01E1F83F73F001F83A5 /* Sources */ = {
			isa = PBXSourcesBuildPhase;
			buildActionMask = 2147483647;
			files = (
				706AD0271F83F73F001F83A5 /* FinalProjectUITests.m in Sources */,
			);
			runOnlyForDeploymentPostprocessing = 0;
		};
/* End PBXSourcesBuildPhase section */

/* Begin PBXTargetDependency section */
		706AD0191F83F73F001F83A5 /* PBXTargetDependency */ = {
			isa = PBXTargetDependency;
			target = 706ACFFB1F83F73E001F83A5 /* FinalProject */;
			targetProxy = 706AD0181F83F73F001F83A5 /* PBXContainerItemProxy */;
		};
		706AD0241F83F73F001F83A5 /* PBXTargetDependency */ = {
			isa = PBXTargetDependency;
			target = 706ACFFB1F83F73E001F83A5 /* FinalProject */;
			targetProxy = 706AD0231F83F73F001F83A5 /* PBXContainerItemProxy */;
		};
/* End PBXTargetDependency section */

/* Begin PBXVariantGroup section */
		706AD00D1F83F73F001F83A5 /* LaunchScreen.storyboard */ = {
			isa = PBXVariantGroup;
			children = (
				706AD00E1F83F73F001F83A5 /* Base */,
			);
			name = LaunchScreen.storyboard;
			sourceTree = "<group>";
		};
/* End PBXVariantGroup section */

/* Begin XCBuildConfiguration section */
		706AD0291F83F73F001F83A5 /* Debug */ = {
			isa = XCBuildConfiguration;
			buildSettings = {
				ALWAYS_SEARCH_USER_PATHS = NO;
				CLANG_ANALYZER_NONNULL = YES;
				CLANG_ANALYZER_NUMBER_OBJECT_CONVERSION = YES_AGGRESSIVE;
				CLANG_CXX_LANGUAGE_STANDARD = "gnu++14";
				CLANG_CXX_LIBRARY = "libc++";
				CLANG_ENABLE_MODULES = YES;
				CLANG_ENABLE_OBJC_ARC = YES;
				CLANG_WARN_BLOCK_CAPTURE_AUTORELEASING = YES;
				CLANG_WARN_BOOL_CONVERSION = YES;
				CLANG_WARN_COMMA = YES;
				CLANG_WARN_CONSTANT_CONVERSION = YES;
				CLANG_WARN_DIRECT_OBJC_ISA_USAGE = YES_ERROR;
				CLANG_WARN_DOCUMENTATION_COMMENTS = YES;
				CLANG_WARN_EMPTY_BODY = YES;
				CLANG_WARN_ENUM_CONVERSION = YES;
				CLANG_WARN_INFINITE_RECURSION = YES;
				CLANG_WARN_INT_CONVERSION = YES;
				CLANG_WARN_NON_LITERAL_NULL_CONVERSION = YES;
				CLANG_WARN_OBJC_LITERAL_CONVERSION = YES;
				CLANG_WARN_OBJC_ROOT_CLASS = YES_ERROR;
				CLANG_WARN_RANGE_LOOP_ANALYSIS = YES;
				CLANG_WARN_STRICT_PROTOTYPES = YES;
				CLANG_WARN_SUSPICIOUS_MOVE = YES;
				CLANG_WARN_UNGUARDED_AVAILABILITY = YES_AGGRESSIVE;
				CLANG_WARN_UNREACHABLE_CODE = YES;
				CLANG_WARN__DUPLICATE_METHOD_MATCH = YES;
				CODE_SIGN_IDENTITY = "iPhone Developer";
				COPY_PHASE_STRIP = NO;
				DEBUG_INFORMATION_FORMAT = dwarf;
				ENABLE_STRICT_OBJC_MSGSEND = YES;
				ENABLE_TESTABILITY = YES;
				GCC_C_LANGUAGE_STANDARD = gnu11;
				GCC_DYNAMIC_NO_PIC = NO;
				GCC_NO_COMMON_BLOCKS = YES;
				GCC_OPTIMIZATION_LEVEL = 0;
				GCC_PREPROCESSOR_DEFINITIONS = (
					"DEBUG=1",
					"$(inherited)",
				);
				GCC_WARN_64_TO_32_BIT_CONVERSION = YES;
				GCC_WARN_ABOUT_RETURN_TYPE = YES_ERROR;
				GCC_WARN_UNDECLARED_SELECTOR = YES;
				GCC_WARN_UNINITIALIZED_AUTOS = YES_AGGRESSIVE;
				GCC_WARN_UNUSED_FUNCTION = YES;
				GCC_WARN_UNUSED_VARIABLE = YES;
				IPHONEOS_DEPLOYMENT_TARGET = 11.0;
				MTL_ENABLE_DEBUG_INFO = YES;
				ONLY_ACTIVE_ARCH = YES;
				SDKROOT = iphoneos;
			};
			name = Debug;
		};
		706AD02A1F83F73F001F83A5 /* Release */ = {
			isa = XCBuildConfiguration;
			buildSettings = {
				ALWAYS_SEARCH_USER_PATHS = NO;
				CLANG_ANALYZER_NONNULL = YES;
				CLANG_ANALYZER_NUMBER_OBJECT_CONVERSION = YES_AGGRESSIVE;
				CLANG_CXX_LANGUAGE_STANDARD = "gnu++14";
				CLANG_CXX_LIBRARY = "libc++";
				CLANG_ENABLE_MODULES = YES;
				CLANG_ENABLE_OBJC_ARC = YES;
				CLANG_WARN_BLOCK_CAPTURE_AUTORELEASING = YES;
				CLANG_WARN_BOOL_CONVERSION = YES;
				CLANG_WARN_COMMA = YES;
				CLANG_WARN_CONSTANT_CONVERSION = YES;
				CLANG_WARN_DIRECT_OBJC_ISA_USAGE = YES_ERROR;
				CLANG_WARN_DOCUMENTATION_COMMENTS = YES;
				CLANG_WARN_EMPTY_BODY = YES;
				CLANG_WARN_ENUM_CONVERSION = YES;
				CLANG_WARN_INFINITE_RECURSION = YES;
				CLANG_WARN_INT_CONVERSION = YES;
				CLANG_WARN_NON_LITERAL_NULL_CONVERSION = YES;
				CLANG_WARN_OBJC_LITERAL_CONVERSION = YES;
				CLANG_WARN_OBJC_ROOT_CLASS = YES_ERROR;
				CLANG_WARN_RANGE_LOOP_ANALYSIS = YES;
				CLANG_WARN_STRICT_PROTOTYPES = YES;
				CLANG_WARN_SUSPICIOUS_MOVE = YES;
				CLANG_WARN_UNGUARDED_AVAILABILITY = YES_AGGRESSIVE;
				CLANG_WARN_UNREACHABLE_CODE = YES;
				CLANG_WARN__DUPLICATE_METHOD_MATCH = YES;
				CODE_SIGN_IDENTITY = "iPhone Developer";
				COPY_PHASE_STRIP = NO;
				DEBUG_INFORMATION_FORMAT = "dwarf-with-dsym";
				ENABLE_NS_ASSERTIONS = NO;
				ENABLE_STRICT_OBJC_MSGSEND = YES;
				GCC_C_LANGUAGE_STANDARD = gnu11;
				GCC_NO_COMMON_BLOCKS = YES;
				GCC_WARN_64_TO_32_BIT_CONVERSION = YES;
				GCC_WARN_ABOUT_RETURN_TYPE = YES_ERROR;
				GCC_WARN_UNDECLARED_SELECTOR = YES;
				GCC_WARN_UNINITIALIZED_AUTOS = YES_AGGRESSIVE;
				GCC_WARN_UNUSED_FUNCTION = YES;
				GCC_WARN_UNUSED_VARIABLE = YES;
				IPHONEOS_DEPLOYMENT_TARGET = 11.0;
				MTL_ENABLE_DEBUG_INFO = NO;
				SDKROOT = iphoneos;
				VALIDATE_PRODUCT = YES;
			};
			name = Release;
		};
		706AD02C1F83F73F001F83A5 /* Debug */ = {
			isa = XCBuildConfiguration;
			baseConfigurationReference = 8E341854FC1A3E5D3E74E15B /* Pods-FinalProject.debug.xcconfig */;
			buildSettings = {
				ASSETCATALOG_COMPILER_APPICON_NAME = AppIcon;
				CODE_SIGN_STYLE = Automatic;
				DEVELOPMENT_TEAM = ZFD4Q5EMC6;
				FRAMEWORK_SEARCH_PATHS = (
					"$(PROJECT_DIR)",
					"$(PROJECT_DIR)/Pods/FirebaseAuth/Frameworks",
					"$(PROJECT_DIR)/Pods/FirebaseAnalytics/Frameworks",
					"$(PROJECT_DIR)/Pods/FirebaseCore/Frameworks",
					"$(PROJECT_DIR)/Pods/FirebaseDatabase/Frameworks",
					"$(PROJECT_DIR)/Pods/FirebaseInstanceID/Frameworks",
					"$(PROJECT_DIR)/Pods/FirebaseStorage/Frameworks",
				);
				HEADER_SEARCH_PATHS = (
					"$(inherited)${PODS_ROOT}/Firebase/Core/Sources",
					"\"${PODS_ROOT}/leveldb-library/\"",
					"\"${PODS_ROOT}/leveldb-library/include\"",
					"$(inherited)",
					"\"${PODS_ROOT}/Headers/Public\"",
					"\"${PODS_ROOT}/Headers/Public/AFNetworking\"",
					"\"${PODS_ROOT}/Headers/Public/Firebase\"",
					"\"${PODS_ROOT}/Headers/Public/FirebaseAnalytics\"",
					"\"${PODS_ROOT}/Headers/Public/FirebaseAuth\"",
					"\"${PODS_ROOT}/Headers/Public/FirebaseCore\"",
					"\"${PODS_ROOT}/Headers/Public/FirebaseDatabase\"",
					"\"${PODS_ROOT}/Headers/Public/FirebaseInstanceID\"",
					"\"${PODS_ROOT}/Headers/Public/FirebaseStorage\"",
					"\"${PODS_ROOT}/Headers/Public/GTMSessionFetcher\"",
					"\"${PODS_ROOT}/Headers/Public/GoogleToolboxForMac\"",
					"\"${PODS_ROOT}/Headers/Public/JSQMessagesViewController\"",
					"\"${PODS_ROOT}/Headers/Public/JSQSystemSoundPlayer\"",
					"\"${PODS_ROOT}/Headers/Public/SAMKeychain\"",
					"\"${PODS_ROOT}/Headers/Public/leveldb-library\"",
					"\"${PODS_ROOT}/Headers/Public/nanopb\"",
				);
				INFOPLIST_FILE = FinalProject/Info.plist;
				IPHONEOS_DEPLOYMENT_TARGET = 9.0;
				LD_RUNPATH_SEARCH_PATHS = "$(inherited) @executable_path/Frameworks";
				PRODUCT_BUNDLE_IDENTIFIER = adeaga.FinalProject;
				PRODUCT_NAME = "$(TARGET_NAME)";
				TARGETED_DEVICE_FAMILY = "1,2";
			};
			name = Debug;
		};
		706AD02D1F83F73F001F83A5 /* Release */ = {
			isa = XCBuildConfiguration;
			baseConfigurationReference = 6650EF94E7523E4FCBA1E80C /* Pods-FinalProject.release.xcconfig */;
			buildSettings = {
				ASSETCATALOG_COMPILER_APPICON_NAME = AppIcon;
				CODE_SIGN_STYLE = Automatic;
				DEVELOPMENT_TEAM = ZFD4Q5EMC6;
				FRAMEWORK_SEARCH_PATHS = (
					"$(PROJECT_DIR)",
					"$(PROJECT_DIR)/Pods/FirebaseAuth/Frameworks",
					"$(PROJECT_DIR)/Pods/FirebaseAnalytics/Frameworks",
					"$(PROJECT_DIR)/Pods/FirebaseCore/Frameworks",
					"$(PROJECT_DIR)/Pods/FirebaseDatabase/Frameworks",
					"$(PROJECT_DIR)/Pods/FirebaseInstanceID/Frameworks",
					"$(PROJECT_DIR)/Pods/FirebaseStorage/Frameworks",
				);
				HEADER_SEARCH_PATHS = (
					"$(inherited)${PODS_ROOT}/Firebase/Core/Sources",
					"\"${PODS_ROOT}/leveldb-library/\"",
					"\"${PODS_ROOT}/leveldb-library/include\"",
					"$(inherited)",
					"\"${PODS_ROOT}/Headers/Public\"",
					"\"${PODS_ROOT}/Headers/Public/AFNetworking\"",
					"\"${PODS_ROOT}/Headers/Public/Firebase\"",
					"\"${PODS_ROOT}/Headers/Public/FirebaseAnalytics\"",
					"\"${PODS_ROOT}/Headers/Public/FirebaseAuth\"",
					"\"${PODS_ROOT}/Headers/Public/FirebaseCore\"",
					"\"${PODS_ROOT}/Headers/Public/FirebaseDatabase\"",
					"\"${PODS_ROOT}/Headers/Public/FirebaseInstanceID\"",
					"\"${PODS_ROOT}/Headers/Public/FirebaseStorage\"",
					"\"${PODS_ROOT}/Headers/Public/GTMSessionFetcher\"",
					"\"${PODS_ROOT}/Headers/Public/GoogleToolboxForMac\"",
					"\"${PODS_ROOT}/Headers/Public/JSQMessagesViewController\"",
					"\"${PODS_ROOT}/Headers/Public/JSQSystemSoundPlayer\"",
					"\"${PODS_ROOT}/Headers/Public/SAMKeychain\"",
					"\"${PODS_ROOT}/Headers/Public/leveldb-library\"",
					"\"${PODS_ROOT}/Headers/Public/nanopb\"",
				);
				INFOPLIST_FILE = FinalProject/Info.plist;
				IPHONEOS_DEPLOYMENT_TARGET = 9.0;
				LD_RUNPATH_SEARCH_PATHS = "$(inherited) @executable_path/Frameworks";
				PRODUCT_BUNDLE_IDENTIFIER = adeaga.FinalProject;
				PRODUCT_NAME = "$(TARGET_NAME)";
				TARGETED_DEVICE_FAMILY = "1,2";
			};
			name = Release;
		};
		706AD02F1F83F73F001F83A5 /* Debug */ = {
			isa = XCBuildConfiguration;
			baseConfigurationReference = CA1A587BCCCB398F98A26165 /* Pods-FinalProjectTests.debug.xcconfig */;
			buildSettings = {
				BUNDLE_LOADER = "$(TEST_HOST)";
				CODE_SIGN_STYLE = Automatic;
				DEVELOPMENT_TEAM = ZFD4Q5EMC6;
				INFOPLIST_FILE = FinalProjectTests/Info.plist;
				LD_RUNPATH_SEARCH_PATHS = "$(inherited) @executable_path/Frameworks @loader_path/Frameworks";
				PRODUCT_BUNDLE_IDENTIFIER = adeaga.FinalProjectTests;
				PRODUCT_NAME = "$(TARGET_NAME)";
				TARGETED_DEVICE_FAMILY = "1,2";
				TEST_HOST = "$(BUILT_PRODUCTS_DIR)/FinalProject.app/FinalProject";
			};
			name = Debug;
		};
		706AD0301F83F73F001F83A5 /* Release */ = {
			isa = XCBuildConfiguration;
			baseConfigurationReference = 6ABADF84DBB28C427981FB33 /* Pods-FinalProjectTests.release.xcconfig */;
			buildSettings = {
				BUNDLE_LOADER = "$(TEST_HOST)";
				CODE_SIGN_STYLE = Automatic;
				DEVELOPMENT_TEAM = ZFD4Q5EMC6;
				INFOPLIST_FILE = FinalProjectTests/Info.plist;
				LD_RUNPATH_SEARCH_PATHS = "$(inherited) @executable_path/Frameworks @loader_path/Frameworks";
				PRODUCT_BUNDLE_IDENTIFIER = adeaga.FinalProjectTests;
				PRODUCT_NAME = "$(TARGET_NAME)";
				TARGETED_DEVICE_FAMILY = "1,2";
				TEST_HOST = "$(BUILT_PRODUCTS_DIR)/FinalProject.app/FinalProject";
			};
			name = Release;
		};
		706AD0321F83F73F001F83A5 /* Debug */ = {
			isa = XCBuildConfiguration;
			baseConfigurationReference = 1EB3D9D6F60F718CD5F4C13E /* Pods-FinalProjectUITests.debug.xcconfig */;
			buildSettings = {
				CODE_SIGN_STYLE = Automatic;
				DEVELOPMENT_TEAM = ZFD4Q5EMC6;
				INFOPLIST_FILE = FinalProjectUITests/Info.plist;
				LD_RUNPATH_SEARCH_PATHS = "$(inherited) @executable_path/Frameworks @loader_path/Frameworks";
				PRODUCT_BUNDLE_IDENTIFIER = adeaga.FinalProjectUITests;
				PRODUCT_NAME = "$(TARGET_NAME)";
				TARGETED_DEVICE_FAMILY = "1,2";
				TEST_TARGET_NAME = FinalProject;
			};
			name = Debug;
		};
		706AD0331F83F73F001F83A5 /* Release */ = {
			isa = XCBuildConfiguration;
			baseConfigurationReference = 08E0849A7D1B7E8B798C7EE1 /* Pods-FinalProjectUITests.release.xcconfig */;
			buildSettings = {
				CODE_SIGN_STYLE = Automatic;
				DEVELOPMENT_TEAM = ZFD4Q5EMC6;
				INFOPLIST_FILE = FinalProjectUITests/Info.plist;
				LD_RUNPATH_SEARCH_PATHS = "$(inherited) @executable_path/Frameworks @loader_path/Frameworks";
				PRODUCT_BUNDLE_IDENTIFIER = adeaga.FinalProjectUITests;
				PRODUCT_NAME = "$(TARGET_NAME)";
				TARGETED_DEVICE_FAMILY = "1,2";
				TEST_TARGET_NAME = FinalProject;
			};
			name = Release;
		};
/* End XCBuildConfiguration section */

/* Begin XCConfigurationList section */
		706ACFF71F83F73E001F83A5 /* Build configuration list for PBXProject "FinalProject" */ = {
			isa = XCConfigurationList;
			buildConfigurations = (
				706AD0291F83F73F001F83A5 /* Debug */,
				706AD02A1F83F73F001F83A5 /* Release */,
			);
			defaultConfigurationIsVisible = 0;
			defaultConfigurationName = Release;
		};
		706AD02B1F83F73F001F83A5 /* Build configuration list for PBXNativeTarget "FinalProject" */ = {
			isa = XCConfigurationList;
			buildConfigurations = (
				706AD02C1F83F73F001F83A5 /* Debug */,
				706AD02D1F83F73F001F83A5 /* Release */,
			);
			defaultConfigurationIsVisible = 0;
			defaultConfigurationName = Release;
		};
		706AD02E1F83F73F001F83A5 /* Build configuration list for PBXNativeTarget "FinalProjectTests" */ = {
			isa = XCConfigurationList;
			buildConfigurations = (
				706AD02F1F83F73F001F83A5 /* Debug */,
				706AD0301F83F73F001F83A5 /* Release */,
			);
			defaultConfigurationIsVisible = 0;
			defaultConfigurationName = Release;
		};
		706AD0311F83F73F001F83A5 /* Build configuration list for PBXNativeTarget "FinalProjectUITests" */ = {
			isa = XCConfigurationList;
			buildConfigurations = (
				706AD0321F83F73F001F83A5 /* Debug */,
				706AD0331F83F73F001F83A5 /* Release */,
			);
			defaultConfigurationIsVisible = 0;
			defaultConfigurationName = Release;
		};
/* End XCConfigurationList section */

/* Begin XCVersionGroup section */
		706AD0081F83F73F001F83A5 /* FinalProject.xcdatamodeld */ = {
			isa = XCVersionGroup;
			children = (
				706AD0091F83F73F001F83A5 /* FinalProject.xcdatamodel */,
			);
			currentVersion = 706AD0091F83F73F001F83A5 /* FinalProject.xcdatamodel */;
			path = FinalProject.xcdatamodeld;
			sourceTree = "<group>";
			versionGroupType = wrapper.xcdatamodel;
		};
/* End XCVersionGroup section */
	};
	rootObject = 706ACFF41F83F73E001F83A5 /* Project object */;
}
